Microsoft Visual Studio Solution File, Format Version 12.00
# Visual Studio 2012
Project("{FAE04EC0-301F-11D3-BF4B-00C04F79EFBC}") = "Samuri Run", "Samuri Run.csproj", "{68D4BB67-59F8-4C31-AF32-33BA6C71245E}"
EndProject
Global
	GlobalSection(SolutionConfigurationPlatforms) = preSolution
	Debug|Any CPU = Debug|Any CPU
	ExportDebug|Any CPU = ExportDebug|Any CPU
	ExportRelease|Any CPU = ExportRelease|Any CPU
	EndGlobalSection
	GlobalSection(ProjectConfigurationPlatforms) = postSolution
		{68D4BB67-59F8-4C31-AF32-33BA6C71245E}.Debug|Any CPU.ActiveCfg = Debug|Any CPU
		{68D4BB67-59F8-4C31-AF32-33BA6C71245E}.Debug|Any CPU.Build.0 = Debug|Any CPU
		{68D4BB67-59F8-4C31-AF32-33BA6C71245E}.ExportDebug|Any CPU.ActiveCfg = ExportDebug|Any CPU
		{68D4BB67-59F8-4C31-AF32-33BA6C71245E}.ExportDebug|Any CPU.Build.0 = ExportDebug|Any CPU
		{68D4BB67-59F8-4C31-AF32-33BA6C71245E}.ExportRelease|Any CPU.ActiveCfg = ExportRelease|Any CPU
		{68D4BB67-59F8-4C31-AF32-33BA6C71245E}.ExportRelease|Any CPU.Build.0 = ExportRelease|Any CPU
	EndGlobalSection
EndGlobal
